
Microsoft Visual Studio Solution File, Format Version 12.00
# Visual Studio Version 17
VisualStudioVersion = 17.3.32922.545
MinimumVisualStudioVersion = 10.0.40219.1
Project("{FAE04EC0-301F-11D3-BF4B-00C04F79EFBC}") = "HomeControlFunctions", "HomeControlFunctions\HomeControlFunctions.csproj", "{50697AA9-D5BA-40D9-A738-1FDF42DBF092}"
EndProject
Global
	GlobalSection(SolutionConfigurationPlatforms) = preSolution
		Debug|Any CPU = Debug|Any CPU
		Release|Any CPU = Release|Any CPU
	EndGlobalSection
	GlobalSection(ProjectConfigurationPlatforms) = postSolution
		{50697AA9-D5BA-40D9-A738-1FDF42DBF092}.Debug|Any CPU.ActiveCfg = Debug|Any CPU
		{50697AA9-D5BA-40D9-A738-1FDF42DBF092}.Debug|Any CPU.Build.0 = Debug|Any CPU
		{50697AA9-D5BA-40D9-A738-1FDF42DBF092}.Release|Any CPU.ActiveCfg = Release|Any CPU
		{50697AA9-D5BA-40D9-A738-1FDF42DBF092}.Release|Any CPU.Build.0 = Release|Any CPU
	EndGlobalSection
	GlobalSection(SolutionProperties) = preSolution
		HideSolutionNode = FALSE
	EndGlobalSection
	GlobalSection(ExtensibilityGlobals) = postSolution
		SolutionGuid = {50A08737-9235-4DF2-A092-7BBB868C9741}
	EndGlobalSection
EndGlobal
